
Microsoft Visual Studio Solution File, Format Version 12.00
# Visual Studio Version 17
VisualStudioVersion = 17.6.33723.286
MinimumVisualStudioVersion = 10.0.40219.1
Project("{FAE04EC0-301F-11D3-BF4B-00C04F79EFBC}") = "ECommerceProject", "ECommerceProject\ECommerceProject.csproj", "{E8C9E383-7BE6-4692-B2B9-0A5281C6D82F}"
EndProject
Global
	GlobalSection(SolutionConfigurationPlatforms) = preSolution
		Debug|Any CPU = Debug|Any CPU
		Release|Any CPU = Release|Any CPU
	EndGlobalSection
	GlobalSection(ProjectConfigurationPlatforms) = postSolution
		{E8C9E383-7BE6-4692-B2B9-0A5281C6D82F}.Debug|Any CPU.ActiveCfg = Debug|Any CPU
		{E8C9E383-7BE6-4692-B2B9-0A5281C6D82F}.Debug|Any CPU.Build.0 = Debug|Any CPU
		{E8C9E383-7BE6-4692-B2B9-0A5281C6D82F}.Release|Any CPU.ActiveCfg = Release|Any CPU
		{E8C9E383-7BE6-4692-B2B9-0A5281C6D82F}.Release|Any CPU.Build.0 = Release|Any CPU
	EndGlobalSection
	GlobalSection(SolutionProperties) = preSolution
		HideSolutionNode = FALSE
	EndGlobalSection
	GlobalSection(ExtensibilityGlobals) = postSolution
		SolutionGuid = {F6A47791-ECE4-4AC0-BFB4-7442A21D3348}
	EndGlobalSection
EndGlobal
